
Microsoft Visual Studio Solution File, Format Version 12.00
# Visual Studio 15
VisualStudioVersion = 15.0.26403.7
MinimumVisualStudioVersion = 10.0.40219.1
Project("{FAE04EC0-301F-11D3-BF4B-00C04F79EFBC}") = "UpdateMimeTypeAzureBlobStorage", "UpdateMimeTypeAzureBlobStorage\UpdateMimeTypeAzureBlobStorage.csproj", "{CBEAB513-E2AD-401E-9E64-868F5F5A6BFE}"
EndProject
Global
	GlobalSection(SolutionConfigurationPlatforms) = preSolution
		Debug|Any CPU = Debug|Any CPU
		Release|Any CPU = Release|Any CPU
	EndGlobalSection
	GlobalSection(ProjectConfigurationPlatforms) = postSolution
		{CBEAB513-E2AD-401E-9E64-868F5F5A6BFE}.Debug|Any CPU.ActiveCfg = Debug|Any CPU
		{CBEAB513-E2AD-401E-9E64-868F5F5A6BFE}.Debug|Any CPU.Build.0 = Debug|Any CPU
		{CBEAB513-E2AD-401E-9E64-868F5F5A6BFE}.Release|Any CPU.ActiveCfg = Release|Any CPU
		{CBEAB513-E2AD-401E-9E64-868F5F5A6BFE}.Release|Any CPU.Build.0 = Release|Any CPU
	EndGlobalSection
	GlobalSection(SolutionProperties) = preSolution
		HideSolutionNode = FALSE
	EndGlobalSection
EndGlobal
